// !$*UTF8*$!
{
	archiveVersion = 1;
	classes = {
	};
	objectVersion = 50;
	objects = {

/* Begin PBXBuildFile section */
		94E6B76E24DB2BB7001D2824 /* main.swift in Sources */ = {isa = PBXBuildFile; fileRef = 94E6B76D24DB2BB7001D2824 /* main.swift */; };
		94E6B77524DB8732001D2824 /* PhoneMetadataProtos.swift in Sources */ = {isa = PBXBuildFile; fileRef = 94E6B77424DB8732001D2824 /* PhoneMetadataProtos.swift */; };
		94E6B77724DB8798001D2824 /* XMLParserClass.swift in Sources */ = {isa = PBXBuildFile; fileRef = 94E6B77624DB8798001D2824 /* XMLParserClass.swift */; };
		E31F36265EBD1F6FCB515EFE /* Pods_PhoneMetadataXMLParser.framework in Frameworks */ = {isa = PBXBuildFile; fileRef = B74FB3EC837055EA07D71E2A /* Pods_PhoneMetadataXMLParser.framework */; };
/* End PBXBuildFile section */

/* Begin PBXCopyFilesBuildPhase section */
		94E6B76824DB2BB7001D2824 /* CopyFiles */ = {
			isa = PBXCopyFilesBuildPhase;
			buildActionMask = 2147483647;
			dstPath = /usr/share/man/man1/;
			dstSubfolderSpec = 0;
			files = (
			);
			runOnlyForDeploymentPostprocessing = 1;
		};
/* End PBXCopyFilesBuildPhase section */

/* Begin PBXFileReference section */
		81E1B126316A821BA5891339 /* Pods-PhoneMetadataXMLParser.release.xcconfig */ = {isa = PBXFileReference; includeInIndex = 1; lastKnownFileType = text.xcconfig; name = "Pods-PhoneMetadataXMLParser.release.xcconfig"; path = "Target Support Files/Pods-PhoneMetadataXMLParser/Pods-PhoneMetadataXMLParser.release.xcconfig"; sourceTree = "<group>"; };
		9494E6F524DE173600FABF26 /* libPhoneNumber_iOS.framework */ = {isa = PBXFileReference; explicitFileType = wrapper.framework; path = libPhoneNumber_iOS.framework; sourceTree = BUILT_PRODUCTS_DIR; };
		94E6B76A24DB2BB7001D2824 /* PhoneMetadataXMLParser */ = {isa = PBXFileReference; explicitFileType = "compiled.mach-o.executable"; includeInIndex = 0; path = PhoneMetadataXMLParser; sourceTree = BUILT_PRODUCTS_DIR; };
		94E6B76D24DB2BB7001D2824 /* main.swift */ = {isa = PBXFileReference; lastKnownFileType = sourcecode.swift; path = main.swift; sourceTree = "<group>"; };
		94E6B77424DB8732001D2824 /* PhoneMetadataProtos.swift */ = {isa = PBXFileReference; lastKnownFileType = sourcecode.swift; path = PhoneMetadataProtos.swift; sourceTree = "<group>"; };
		94E6B77624DB8798001D2824 /* XMLParserClass.swift */ = {isa = PBXFileReference; lastKnownFileType = sourcecode.swift; path = XMLParserClass.swift; sourceTree = "<group>"; };
		97EB130ACE94C124E1217BFF /* Pods-PhoneMetadataXMLParser.debug.xcconfig */ = {isa = PBXFileReference; includeInIndex = 1; lastKnownFileType = text.xcconfig; name = "Pods-PhoneMetadataXMLParser.debug.xcconfig"; path = "Target Support Files/Pods-PhoneMetadataXMLParser/Pods-PhoneMetadataXMLParser.debug.xcconfig"; sourceTree = "<group>"; };
		B74FB3EC837055EA07D71E2A /* Pods_PhoneMetadataXMLParser.framework */ = {isa = PBXFileReference; explicitFileType = wrapper.framework; includeInIndex = 0; path = Pods_PhoneMetadataXMLParser.framework; sourceTree = BUILT_PRODUCTS_DIR; };
/* End PBXFileReference section */

/* Begin PBXFrameworksBuildPhase section */
		94E6B76724DB2BB7001D2824 /* Frameworks */ = {
			isa = PBXFrameworksBuildPhase;
			buildActionMask = 2147483647;
			files = (
				E31F36265EBD1F6FCB515EFE /* Pods_PhoneMetadataXMLParser.framework in Frameworks */,
			);
			runOnlyForDeploymentPostprocessing = 0;
		};
/* End PBXFrameworksBuildPhase section */

/* Begin PBXGroup section */
		8EE6E9D37C35AA21AE4B3648 /* Pods */ = {
			isa = PBXGroup;
			children = (
				97EB130ACE94C124E1217BFF /* Pods-PhoneMetadataXMLParser.debug.xcconfig */,
				81E1B126316A821BA5891339 /* Pods-PhoneMetadataXMLParser.release.xcconfig */,
			);
			path = Pods;
			sourceTree = "<group>";
		};
		94E6B76124DB2BB7001D2824 = {
			isa = PBXGroup;
			children = (
				94E6B76C24DB2BB7001D2824 /* PhoneMetadataXMLParser */,
				94E6B76B24DB2BB7001D2824 /* Products */,
				8EE6E9D37C35AA21AE4B3648 /* Pods */,
				DE94F66FA1FC04BDD02EA0E1 /* Frameworks */,
			);
			sourceTree = "<group>";
		};
		94E6B76B24DB2BB7001D2824 /* Products */ = {
			isa = PBXGroup;
			children = (
				94E6B76A24DB2BB7001D2824 /* PhoneMetadataXMLParser */,
			);
			name = Products;
			sourceTree = "<group>";
		};
		94E6B76C24DB2BB7001D2824 /* PhoneMetadataXMLParser */ = {
			isa = PBXGroup;
			children = (
				94E6B76D24DB2BB7001D2824 /* main.swift */,
				94E6B77424DB8732001D2824 /* PhoneMetadataProtos.swift */,
				94E6B77624DB8798001D2824 /* XMLParserClass.swift */,
			);
			path = PhoneMetadataXMLParser;
			sourceTree = "<group>";
		};
		DE94F66FA1FC04BDD02EA0E1 /* Frameworks */ = {
			isa = PBXGroup;
			children = (
				9494E6F524DE173600FABF26 /* libPhoneNumber_iOS.framework */,
				B74FB3EC837055EA07D71E2A /* Pods_PhoneMetadataXMLParser.framework */,
			);
			name = Frameworks;
			sourceTree = "<group>";
		};
/* End PBXGroup section */

/* Begin PBXNativeTarget section */
		94E6B76924DB2BB7001D2824 /* PhoneMetadataXMLParser */ = {
			isa = PBXNativeTarget;
			buildConfigurationList = 94E6B77124DB2BB7001D2824 /* Build configuration list for PBXNativeTarget "PhoneMetadataXMLParser" */;
			buildPhases = (
				0BDE8F62A6267332038CE951 /* [CP] Check Pods Manifest.lock */,
				94E6B76624DB2BB7001D2824 /* Sources */,
				94E6B76724DB2BB7001D2824 /* Frameworks */,
				94E6B76824DB2BB7001D2824 /* CopyFiles */,
			);
			buildRules = (
			);
			dependencies = (
			);
			name = PhoneMetadataXMLParser;
			productName = PhoneMetadataXMLParser;
			productReference = 94E6B76A24DB2BB7001D2824 /* PhoneMetadataXMLParser */;
			productType = "com.apple.product-type.tool";
		};
/* End PBXNativeTarget section */

/* Begin PBXProject section */
		94E6B76224DB2BB7001D2824 /* Project object */ = {
			isa = PBXProject;
			attributes = {
				LastSwiftUpdateCheck = 1150;
				LastUpgradeCheck = 1150;
				ORGANIZATIONNAME = "Google LLC";
				TargetAttributes = {
					94E6B76924DB2BB7001D2824 = {
						CreatedOnToolsVersion = 11.5;
					};
				};
			};
			buildConfigurationList = 94E6B76524DB2BB7001D2824 /* Build configuration list for PBXProject "PhoneMetadataXMLParser" */;
			compatibilityVersion = "Xcode 9.3";
			developmentRegion = en;
			hasScannedForEncodings = 0;
			knownRegions = (
				en,
				Base,
			);
			mainGroup = 94E6B76124DB2BB7001D2824;
			productRefGroup = 94E6B76B24DB2BB7001D2824 /* Products */;
			projectDirPath = "";
			projectRoot = "";
			targets = (
				94E6B76924DB2BB7001D2824 /* PhoneMetadataXMLParser */,
			);
		};
/* End PBXProject section */

/* Begin PBXShellScriptBuildPhase section */
		0BDE8F62A6267332038CE951 /* [CP] Check Pods Manifest.lock */ = {
			isa = PBXShellScriptBuildPhase;
			buildActionMask = 2147483647;
			files = (
			);
			inputFileListPaths = (
			);
			inputPaths = (
				"${PODS_PODFILE_DIR_PATH}/Podfile.lock",
				"${PODS_ROOT}/Manifest.lock",
			);
			name = "[CP] Check Pods Manifest.lock";
			outputFileListPaths = (
			);
			outputPaths = (
				"$(DERIVED_FILE_DIR)/Pods-PhoneMetadataXMLParser-checkManifestLockResult.txt",
			);
			runOnlyForDeploymentPostprocessing = 0;
			shellPath = /bin/sh;
			shellScript = "diff \"${PODS_PODFILE_DIR_PATH}/Podfile.lock\" \"${PODS_ROOT}/Manifest.lock\" > /dev/null\nif [ $? != 0 ] ; then\n    # print error to STDERR\n    echo \"error: The sandbox is not in sync with the Podfile.lock. Run 'pod install' or update your CocoaPods installation.\" >&2\n    exit 1\nfi\n# This output is used by Xcode 'outputs' to avoid re-running this script phase.\necho \"SUCCESS\" > \"${SCRIPT_OUTPUT_FILE_0}\"\n";
			showEnvVarsInLog = 0;
		};
/* End PBXShellScriptBuildPhase section */

/* Begin PBXSourcesBuildPhase section */
		94E6B76624DB2BB7001D2824 /* Sources */ = {
			isa = PBXSourcesBuildPhase;
			buildActionMask = 2147483647;
			files = (
				94E6B77724DB8798001D2824 /* XMLParserClass.swift in Sources */,
				94E6B77524DB8732001D2824 /* PhoneMetadataProtos.swift in Sources */,
				94E6B76E24DB2BB7001D2824 /* main.swift in Sources */,
			);
			runOnlyForDeploymentPostprocessing = 0;
		};
/* End PBXSourcesBuildPhase section */

/* Begin XCBuildConfiguration section */
		94E6B76F24DB2BB7001D2824 /* Debug */ = {
			isa = XCBuildConfiguration;
			buildSettings = {
				ALWAYS_SEARCH_USER_PATHS = NO;
				CLANG_ANALYZER_NONNULL = YES;
				CLANG_ANALYZER_NUMBER_OBJECT_CONVERSION = YES_AGGRESSIVE;
				CLANG_CXX_LANGUAGE_STANDARD = "gnu++14";
				CLANG_CXX_LIBRARY = "libc++";
				CLANG_ENABLE_MODULES = YES;
				CLANG_ENABLE_OBJC_ARC = YES;
				CLANG_ENABLE_OBJC_WEAK = YES;
				CLANG_WARN_BLOCK_CAPTURE_AUTORELEASING = YES;
				CLANG_WARN_BOOL_CONVERSION = YES;
				CLANG_WARN_COMMA = YES;
				CLANG_WARN_CONSTANT_CONVERSION = YES;
				CLANG_WARN_DEPRECATED_OBJC_IMPLEMENTATIONS = YES;
				CLANG_WARN_DIRECT_OBJC_ISA_USAGE = YES_ERROR;
				CLANG_WARN_DOCUMENTATION_COMMENTS = YES;
				CLANG_WARN_EMPTY_BODY = YES;
				CLANG_WARN_ENUM_CONVERSION = YES;
				CLANG_WARN_INFINITE_RECURSION = YES;
				CLANG_WARN_INT_CONVERSION = YES;
				CLANG_WARN_NON_LITERAL_NULL_CONVERSION = YES;
				CLANG_WARN_OBJC_IMPLICIT_RETAIN_SELF = YES;
				CLANG_WARN_OBJC_LITERAL_CONVERSION = YES;
				CLANG_WARN_OBJC_ROOT_CLASS = YES_ERROR;
				CLANG_WARN_RANGE_LOOP_ANALYSIS = YES;
				CLANG_WARN_STRICT_PROTOTYPES = YES;
				CLANG_WARN_SUSPICIOUS_MOVE = YES;
				CLANG_WARN_UNGUARDED_AVAILABILITY = YES_AGGRESSIVE;
				CLANG_WARN_UNREACHABLE_CODE = YES;
				CLANG_WARN__DUPLICATE_METHOD_MATCH = YES;
				COPY_PHASE_STRIP = NO;
				DEBUG_INFORMATION_FORMAT = dwarf;
				ENABLE_STRICT_OBJC_MSGSEND = YES;
				ENABLE_TESTABILITY = YES;
				GCC_C_LANGUAGE_STANDARD = gnu11;
				GCC_DYNAMIC_NO_PIC = NO;
				GCC_NO_COMMON_BLOCKS = YES;
				GCC_OPTIMIZATION_LEVEL = 0;
				GCC_PREPROCESSOR_DEFINITIONS = (
					"DEBUG=1",
					"$(inherited)",
				);
				GCC_WARN_64_TO_32_BIT_CONVERSION = YES;
				GCC_WARN_ABOUT_RETURN_TYPE = YES_ERROR;
				GCC_WARN_UNDECLARED_SELECTOR = YES;
				GCC_WARN_UNINITIALIZED_AUTOS = YES_AGGRESSIVE;
				GCC_WARN_UNUSED_FUNCTION = YES;
				GCC_WARN_UNUSED_VARIABLE = YES;
				MACOSX_DEPLOYMENT_TARGET = 10.15;
				MTL_ENABLE_DEBUG_INFO = INCLUDE_SOURCE;
				MTL_FAST_MATH = YES;
				ONLY_ACTIVE_ARCH = YES;
				SDKROOT = macosx;
				SWIFT_ACTIVE_COMPILATION_CONDITIONS = DEBUG;
				SWIFT_OPTIMIZATION_LEVEL = "-Onone";
			};
			name = Debug;
		};
		94E6B77024DB2BB7001D2824 /* Release */ = {
			isa = XCBuildConfiguration;
			buildSettings = {
				ALWAYS_SEARCH_USER_PATHS = NO;
				CLANG_ANALYZER_NONNULL = YES;
				CLANG_ANALYZER_NUMBER_OBJECT_CONVERSION = YES_AGGRESSIVE;
				CLANG_CXX_LANGUAGE_STANDARD = "gnu++14";
				CLANG_CXX_LIBRARY = "libc++";
				CLANG_ENABLE_MODULES = YES;
				CLANG_ENABLE_OBJC_ARC = YES;
				CLANG_ENABLE_OBJC_WEAK = YES;
				CLANG_WARN_BLOCK_CAPTURE_AUTORELEASING = YES;
				CLANG_WARN_BOOL_CONVERSION = YES;
				CLANG_WARN_COMMA = YES;
				CLANG_WARN_CONSTANT_CONVERSION = YES;
				CLANG_WARN_DEPRECATED_OBJC_IMPLEMENTATIONS = YES;
				CLANG_WARN_DIRECT_OBJC_ISA_USAGE = YES_ERROR;
				CLANG_WARN_DOCUMENTATION_COMMENTS = YES;
				CLANG_WARN_EMPTY_BODY = YES;
				CLANG_WARN_ENUM_CONVERSION = YES;
				CLANG_WARN_INFINITE_RECURSION = YES;
				CLANG_WARN_INT_CONVERSION = YES;
				CLANG_WARN_NON_LITERAL_NULL_CONVERSION = YES;
				CLANG_WARN_OBJC_IMPLICIT_RETAIN_SELF = YES;
				CLANG_WARN_OBJC_LITERAL_CONVERSION = YES;
				CLANG_WARN_OBJC_ROOT_CLASS = YES_ERROR;
				CLANG_WARN_RANGE_LOOP_ANALYSIS = YES;
				CLANG_WARN_STRICT_PROTOTYPES = YES;
				CLANG_WARN_SUSPICIOUS_MOVE = YES;
				CLANG_WARN_UNGUARDED_AVAILABILITY = YES_AGGRESSIVE;
				CLANG_WARN_UNREACHABLE_CODE = YES;
				CLANG_WARN__DUPLICATE_METHOD_MATCH = YES;
				COPY_PHASE_STRIP = NO;
				DEBUG_INFORMATION_FORMAT = "dwarf-with-dsym";
				ENABLE_NS_ASSERTIONS = NO;
				ENABLE_STRICT_OBJC_MSGSEND = YES;
				GCC_C_LANGUAGE_STANDARD = gnu11;
				GCC_NO_COMMON_BLOCKS = YES;
				GCC_WARN_64_TO_32_BIT_CONVERSION = YES;
				GCC_WARN_ABOUT_RETURN_TYPE = YES_ERROR;
				GCC_WARN_UNDECLARED_SELECTOR = YES;
				GCC_WARN_UNINITIALIZED_AUTOS = YES_AGGRESSIVE;
				GCC_WARN_UNUSED_FUNCTION = YES;
				GCC_WARN_UNUSED_VARIABLE = YES;
				MACOSX_DEPLOYMENT_TARGET = 10.15;
				MTL_ENABLE_DEBUG_INFO = NO;
				MTL_FAST_MATH = YES;
				SDKROOT = macosx;
				SWIFT_COMPILATION_MODE = wholemodule;
				SWIFT_OPTIMIZATION_LEVEL = "-O";
			};
			name = Release;
		};
		94E6B77224DB2BB7001D2824 /* Debug */ = {
			isa = XCBuildConfiguration;
			baseConfigurationReference = 97EB130ACE94C124E1217BFF /* Pods-PhoneMetadataXMLParser.debug.xcconfig */;
			buildSettings = {
				CODE_SIGN_STYLE = Automatic;
				DEVELOPMENT_TEAM = 973LHT5R86;
				ENABLE_HARDENED_RUNTIME = YES;
				PRODUCT_NAME = "$(TARGET_NAME)";
				SWIFT_VERSION = 5.0;
			};
			name = Debug;
		};
		94E6B77324DB2BB7001D2824 /* Release */ = {
			isa = XCBuildConfiguration;
			baseConfigurationReference = 81E1B126316A821BA5891339 /* Pods-PhoneMetadataXMLParser.release.xcconfig */;
			buildSettings = {
				CODE_SIGN_STYLE = Automatic;
				DEVELOPMENT_TEAM = 973LHT5R86;
				ENABLE_HARDENED_RUNTIME = YES;
				PRODUCT_NAME = "$(TARGET_NAME)";
				SWIFT_VERSION = 5.0;
			};
			name = Release;
		};
/* End XCBuildConfiguration section */

/* Begin XCConfigurationList section */
		94E6B76524DB2BB7001D2824 /* Build configuration list for PBXProject "PhoneMetadataXMLParser" */ = {
			isa = XCConfigurationList;
			buildConfigurations = (
				94E6B76F24DB2BB7001D2824 /* Debug */,
				94E6B77024DB2BB7001D2824 /* Release */,
			);
			defaultConfigurationIsVisible = 0;
			defaultConfigurationName = Release;
		};
		94E6B77124DB2BB7001D2824 /* Build configuration list for PBXNativeTarget "PhoneMetadataXMLParser" */ = {
			isa = XCConfigurationList;
			buildConfigurations = (
				94E6B77224DB2BB7001D2824 /* Debug */,
				94E6B77324DB2BB7001D2824 /* Release */,
			);
			defaultConfigurationIsVisible = 0;
			defaultConfigurationName = Release;
		};
/* End XCConfigurationList section */
	};
	rootObject = 94E6B76224DB2BB7001D2824 /* Project object */;
}
